{
  "name": "@taskflow/schemas",
  "version": "1.0.0",
  "lockfileVersion": 3,
  "requires": true,
  "packages": {
    "": {
      "name": "@taskflow/schemas",
      "version": "1.0.0",
      "devDependencies": {
        "zod": "^4.4.3"
      },
      "peerDependencies": {
        "zod": "^4.0.0"
      }
    },
    "node_modules/zod": {
      "version": "4.5.2",
      "resolved": "https://registry.npmjs.org/zod/-/zod-4.5.2.tgz",
      "integrity": "sha512-XkYXCol10+ba/6F/cueWV+TezUeOqXW0hdeJt5CdXjTYeAgAQg5N03RQdJ80mhfFE72+pblvYMW4wy2Qp4Qbrg==",
      "dev": true,
      "license": "MIT",
      "funding": {
        "url": "https://github.com/sponsors/colinhacks"
      }
    }
  }
}
