{
  "name": "@taskflow/schemas",
  "version": "1.0.0",
  "lockfileVersion": 3,
  "requires": true,
  "packages": {
    "": {
      "name": "@taskflow/schemas",
      "version": "1.0.0",
      "devDependencies": {
        "zod": "^4.4.3"
      },
      "peerDependencies": {
        "zod": "^4.0.0"
      }
    },
    "node_modules/zod": {
      "version": "4.6.1",
      "resolved": "https://registry.npmjs.org/zod/-/zod-4.6.1.tgz",
      "integrity": "sha512-341aRWQsve0rvronKNTqZpjmzdbUDlFuzHaI/XLg/Ej82qffDJRRfBTCuv7+9q/rMjB6LSLyEBnW4InJeMtt/Q==",
      "dev": true,
      "license": "MIT",
      "funding": {
        "url": "https://github.com/sponsors/colinhacks"
      }
    }
  }
}
